
Microsoft Visual Studio Solution File, Format Version 12.00
# Visual Studio Version 17
VisualStudioVersion = 17.14.37314.3 d17.14
MinimumVisualStudioVersion = 10.0.40219.1
Project("{FAE04EC0-301F-11D3-BF4B-00C04F79EFBC}") = "CasserCodePIN", "CasserCodePIN\CasserCodePIN.csproj", "{ED5265BB-50B3-4E81-A5D7-29E753FC9DF3}"
EndProject
Global
	GlobalSection(SolutionConfigurationPlatforms) = preSolution
		Debug|Any CPU = Debug|Any CPU
		Release|Any CPU = Release|Any CPU
	EndGlobalSection
	GlobalSection(ProjectConfigurationPlatforms) = postSolution
		{ED5265BB-50B3-4E81-A5D7-29E753FC9DF3}.Debug|Any CPU.ActiveCfg = Debug|Any CPU
		{ED5265BB-50B3-4E81-A5D7-29E753FC9DF3}.Debug|Any CPU.Build.0 = Debug|Any CPU
		{ED5265BB-50B3-4E81-A5D7-29E753FC9DF3}.Release|Any CPU.ActiveCfg = Release|Any CPU
		{ED5265BB-50B3-4E81-A5D7-29E753FC9DF3}.Release|Any CPU.Build.0 = Release|Any CPU
	EndGlobalSection
	GlobalSection(SolutionProperties) = preSolution
		HideSolutionNode = FALSE
	EndGlobalSection
	GlobalSection(ExtensibilityGlobals) = postSolution
		SolutionGuid = {4C48A856-B030-4933-8509-7133A9ADFE08}
	EndGlobalSection
EndGlobal
